PODS:
  - AFNetworking (3.1.0):
    - AFNetworking/NSURLSession (= 3.1.0)
    - AFNetworking/Reachability (= 3.1.0)
    - AFNetworking/Security (= 3.1.0)
    - AFNetworking/Serialization (= 3.1.0)
    - AFNetworking/UIKit (= 3.1.0)
  - AFNetworking/NSURLSession (3.1.0):
    - AFNetworking/Reachability
    - AFNetworking/Security
    - AFNetworking/Serialization
  - AFNetworking/Reachability (3.1.0)
  - AFNetworking/Security (3.1.0)
  - AFNetworking/Serialization (3.1.0)
  - AFNetworking/UIKit (3.1.0):
    - AFNetworking/NSURLSession
  - JSPatchSDK (1.5.2)
  - MGJRouter (0.9.1)
  - Objection (1.6.1)

DEPENDENCIES:
  - AFNetworking (~> 3.1.0)
  - JSPatchSDK (~> 1.5.2)
  - MGJRouter (~> 0.9.1)
  - Objection (~> 1.6.1)

SPEC CHECKSUMS:
  AFNetworking: 5e0e199f73d8626b11e79750991f5d173d1f8b67
  JSPatchSDK: d0455b7db2d82df6bee9f3522b5a68e91a6a7072
  MGJRouter: 73b7d7f9329186d670068888e56e095084208b4c
  Objection: ed03f2219cb22d2b5b893114219fe6c7e3263bde

COCOAPODS: 0.39.0
