// !$*UTF8*$!
{
	archiveVersion = 1;
	classes = {
	};
	objectVersion = 46;
	objects = {

/* Begin PBXBuildFile section */
		B6B8FC0B0612A4B4038F3009 /* libPods.a in Frameworks */ = {isa = PBXBuildFile; fileRef = 63A1BD23E9E12E6996D31E73 /* libPods.a */; };
		D07DC37D1A95A1F500852F5C /* XBHttpCache.m in Sources */ = {isa = PBXBuildFile; fileRef = D07DC37C1A95A1F500852F5C /* XBHttpCache.m */; };
		D07DC3801A95A2E100852F5C /* NSString+Size.m in Sources */ = {isa = PBXBuildFile; fileRef = D07DC37F1A95A2E100852F5C /* NSString+Size.m */; };
		D07DC3831A95A2F200852F5C /* NSString+MD5.m in Sources */ = {isa = PBXBuildFile; fileRef = D07DC3821A95A2F200852F5C /* NSString+MD5.m */; };
		D07DC3A21A95CBD400852F5C /* UITableViewCell+SeparatorLine.m in Sources */ = {isa = PBXBuildFile; fileRef = D07DC39F1A95CBD400852F5C /* UITableViewCell+SeparatorLine.m */; };
		D07DC3A31A95CBD400852F5C /* UIView+StringTag.m in Sources */ = {isa = PBXBuildFile; fileRef = D07DC3A11A95CBD400852F5C /* UIView+StringTag.m */; };
		D0C8E14F1A89FD5D006F2A4E /* main.m in Sources */ = {isa = PBXBuildFile; fileRef = D0C8E14E1A89FD5D006F2A4E /* main.m */; };
		D0C8E1521A89FD5D006F2A4E /* AppDelegate.m in Sources */ = {isa = PBXBuildFile; fileRef = D0C8E1511A89FD5D006F2A4E /* AppDelegate.m */; };
		D0C8E1551A89FD5D006F2A4E /* ViewController.m in Sources */ = {isa = PBXBuildFile; fileRef = D0C8E1541A89FD5D006F2A4E /* ViewController.m */; };
		D0C8E1581A89FD5D006F2A4E /* Main.storyboard in Resources */ = {isa = PBXBuildFile; fileRef = D0C8E1561A89FD5D006F2A4E /* Main.storyboard */; };
		D0C8E15A1A89FD5D006F2A4E /* Images.xcassets in Resources */ = {isa = PBXBuildFile; fileRef = D0C8E1591A89FD5D006F2A4E /* Images.xcassets */; };
		D0C8E15D1A89FD5D006F2A4E /* LaunchScreen.xib in Resources */ = {isa = PBXBuildFile; fileRef = D0C8E15B1A89FD5D006F2A4E /* LaunchScreen.xib */; };
		D0C8E1691A89FD5D006F2A4E /* JXBFrameworkTests.m in Sources */ = {isa = PBXBuildFile; fileRef = D0C8E1681A89FD5D006F2A4E /* JXBFrameworkTests.m */; };
		D0C8E1961A89FD8C006F2A4E /* XBApi.m in Sources */ = {isa = PBXBuildFile; fileRef = D0C8E1751A89FD8C006F2A4E /* XBApi.m */; };
		D0C8E1981A89FD8C006F2A4E /* RIButtonItem.m in Sources */ = {isa = PBXBuildFile; fileRef = D0C8E17B1A89FD8C006F2A4E /* RIButtonItem.m */; };
		D0C8E1991A89FD8C006F2A4E /* UIAlertView+Blocks.m in Sources */ = {isa = PBXBuildFile; fileRef = D0C8E17D1A89FD8C006F2A4E /* UIAlertView+Blocks.m */; };
		D0C8E19A1A89FD8C006F2A4E /* UIButton+StringTag.m in Sources */ = {isa = PBXBuildFile; fileRef = D0C8E17F1A89FD8C006F2A4E /* UIButton+StringTag.m */; };
		D0C8E19B1A89FD8C006F2A4E /* UIColor+hexColor.m in Sources */ = {isa = PBXBuildFile; fileRef = D0C8E1811A89FD8C006F2A4E /* UIColor+hexColor.m */; };
		D0C8E19C1A89FD8C006F2A4E /* UIImage+RenderedImage.m in Sources */ = {isa = PBXBuildFile; fileRef = D0C8E1831A89FD8C006F2A4E /* UIImage+RenderedImage.m */; };
		D0C8E19D1A89FD8C006F2A4E /* UIImageView+DotLine.m in Sources */ = {isa = PBXBuildFile; fileRef = D0C8E1851A89FD8C006F2A4E /* UIImageView+DotLine.m */; };
		D0C8E19E1A89FD8C006F2A4E /* XBHttpClient.m in Sources */ = {isa = PBXBuildFile; fileRef = D0C8E1891A89FD8C006F2A4E /* XBHttpClient.m */; };
		D0C8E1A21A89FD8C006F2A4E /* XBBaseVC.m in Sources */ = {isa = PBXBuildFile; fileRef = D0C8E1951A89FD8C006F2A4E /* XBBaseVC.m */; };
		D0C8E1A61A89FFF5006F2A4E /* XBParser.m in Sources */ = {isa = PBXBuildFile; fileRef = D0C8E1A51A89FFF5006F2A4E /* XBParser.m */; };
		D0C8E1AB1A8A00C8006F2A4E /* LoginParser.m in Sources */ = {isa = PBXBuildFile; fileRef = D0C8E1AA1A8A00C8006F2A4E /* LoginParser.m */; };
		D0C8E1B01A8A04F2006F2A4E /* testVC.m in Sources */ = {isa = PBXBuildFile; fileRef = D0C8E1AF1A8A04F2006F2A4E /* testVC.m */; };
/* End PBXBuildFile section */

/* Begin PBXContainerItemProxy section */
		D0C8E1631A89FD5D006F2A4E /* PBXContainerItemProxy */ = {
			isa = PBXContainerItemProxy;
			containerPortal = D0C8E1411A89FD5D006F2A4E /* Project object */;
			proxyType = 1;
			remoteGlobalIDString = D0C8E1481A89FD5D006F2A4E;
			remoteInfo = JXBFramework;
		};
/* End PBXContainerItemProxy section */

/* Begin PBXFileReference section */
		182CDE848E102BB206799DFD /* Pods.debug.xcconfig */ = {isa = PBXFileReference; includeInIndex = 1; lastKnownFileType = text.xcconfig; name = Pods.debug.xcconfig; path = "Pods/Target Support Files/Pods/Pods.debug.xcconfig"; sourceTree = "<group>"; };
		63A1BD23E9E12E6996D31E73 /* libPods.a */ = {isa = PBXFileReference; explicitFileType = archive.ar; includeInIndex = 0; path = libPods.a; sourceTree = BUILT_PRODUCTS_DIR; };
		759E3FF9FF2A7DBBF73E771D /* Pods.release.xcconfig */ = {isa = PBXFileReference; includeInIndex = 1; lastKnownFileType = text.xcconfig; name = Pods.release.xcconfig; path = "Pods/Target Support Files/Pods/Pods.release.xcconfig"; sourceTree = "<group>"; };
		D07DC37B1A95A1F500852F5C /* XBHttpCache.h */ = {isa = PBXFileReference; fileEncoding = 4; lastKnownFileType = sourcecode.c.h; path = XBHttpCache.h; sourceTree = "<group>"; };
		D07DC37C1A95A1F500852F5C /* XBHttpCache.m */ = {isa = PBXFileReference; fileEncoding = 4; lastKnownFileType = sourcecode.c.objc; path = XBHttpCache.m; sourceTree = "<group>"; };
		D07DC37E1A95A2E100852F5C /* NSString+Size.h */ = {isa = PBXFileReference; fileEncoding = 4; lastKnownFileType = sourcecode.c.h; path = "NSString+Size.h"; sourceTree = "<group>"; };
		D07DC37F1A95A2E100852F5C /* NSString+Size.m */ = {isa = PBXFileReference; fileEncoding = 4; lastKnownFileType = sourcecode.c.objc; path = "NSString+Size.m"; sourceTree = "<group>"; };
		D07DC3811A95A2F200852F5C /* NSString+MD5.h */ = {isa = PBXFileReference; fileEncoding = 4; lastKnownFileType = sourcecode.c.h; path = "NSString+MD5.h"; sourceTree = "<group>"; };
		D07DC3821A95A2F200852F5C /* NSString+MD5.m */ = {isa = PBXFileReference; fileEncoding = 4; lastKnownFileType = sourcecode.c.objc; path = "NSString+MD5.m"; sourceTree = "<group>"; };
		D07DC3841A95A4B400852F5C /* XBGlobal.h */ = {isa = PBXFileReference; lastKnownFileType = sourcecode.c.h; path = XBGlobal.h; sourceTree = "<group>"; };
		D07DC39E1A95CBD400852F5C /* UITableViewCell+SeparatorLine.h */ = {isa = PBXFileReference; fileEncoding = 4; lastKnownFileType = sourcecode.c.h; path = "UITableViewCell+SeparatorLine.h"; sourceTree = "<group>"; };
		D07DC39F1A95CBD400852F5C /* UITableViewCell+SeparatorLine.m */ = {isa = PBXFileReference; fileEncoding = 4; lastKnownFileType = sourcecode.c.objc; path = "UITableViewCell+SeparatorLine.m"; sourceTree = "<group>"; };
		D07DC3A01A95CBD400852F5C /* UIView+StringTag.h */ = {isa = PBXFileReference; fileEncoding = 4; lastKnownFileType = sourcecode.c.h; path = "UIView+StringTag.h"; sourceTree = "<group>"; };
		D07DC3A11A95CBD400852F5C /* UIView+StringTag.m */ = {isa = PBXFileReference; fileEncoding = 4; lastKnownFileType = sourcecode.c.objc; path = "UIView+StringTag.m"; sourceTree = "<group>"; };
		D0C8E1491A89FD5D006F2A4E /* JXBFramework.app */ = {isa = PBXFileReference; explicitFileType = wrapper.application; includeInIndex = 0; path = JXBFramework.app; sourceTree = BUILT_PRODUCTS_DIR; };
		D0C8E14D1A89FD5D006F2A4E /* Info.plist */ = {isa = PBXFileReference; lastKnownFileType = text.plist.xml; path = Info.plist; sourceTree = "<group>"; };
		D0C8E14E1A89FD5D006F2A4E /* main.m */ = {isa = PBXFileReference; lastKnownFileType = sourcecode.c.objc; path = main.m; sourceTree = "<group>"; };
		D0C8E1501A89FD5D006F2A4E /* AppDelegate.h */ = {isa = PBXFileReference; lastKnownFileType = sourcecode.c.h; path = AppDelegate.h; sourceTree = "<group>"; };
		D0C8E1511A89FD5D006F2A4E /* AppDelegate.m */ = {isa = PBXFileReference; lastKnownFileType = sourcecode.c.objc; path = AppDelegate.m; sourceTree = "<group>"; };
		D0C8E1531A89FD5D006F2A4E /* ViewController.h */ = {isa = PBXFileReference; lastKnownFileType = sourcecode.c.h; path = ViewController.h; sourceTree = "<group>"; };
		D0C8E1541A89FD5D006F2A4E /* ViewController.m */ = {isa = PBXFileReference; lastKnownFileType = sourcecode.c.objc; path = ViewController.m; sourceTree = "<group>"; };
		D0C8E1571A89FD5D006F2A4E /* Base */ = {isa = PBXFileReference; lastKnownFileType = file.storyboard; name = Base; path = Base.lproj/Main.storyboard; sourceTree = "<group>"; };
		D0C8E1591A89FD5D006F2A4E /* Images.xcassets */ = {isa = PBXFileReference; lastKnownFileType = folder.assetcatalog; path = Images.xcassets; sourceTree = "<group>"; };
		D0C8E15C1A89FD5D006F2A4E /* Base */ = {isa = PBXFileReference; lastKnownFileType = file.xib; name = Base; path = Base.lproj/LaunchScreen.xib; sourceTree = "<group>"; };
		D0C8E1621A89FD5D006F2A4E /* JXBFrameworkTests.xctest */ = {isa = PBXFileReference; explicitFileType = wrapper.cfbundle; includeInIndex = 0; path = JXBFrameworkTests.xctest; sourceTree = BUILT_PRODUCTS_DIR; };
		D0C8E1671A89FD5D006F2A4E /* Info.plist */ = {isa = PBXFileReference; lastKnownFileType = text.plist.xml; path = Info.plist; sourceTree = "<group>"; };
		D0C8E1681A89FD5D006F2A4E /* JXBFrameworkTests.m */ = {isa = PBXFileReference; lastKnownFileType = sourcecode.c.objc; path = JXBFrameworkTests.m; sourceTree = "<group>"; };
		D0C8E1741A89FD8C006F2A4E /* XBApi.h */ = {isa = PBXFileReference; fileEncoding = 4; lastKnownFileType = sourcecode.c.h; path = XBApi.h; sourceTree = "<group>"; };
		D0C8E1751A89FD8C006F2A4E /* XBApi.m */ = {isa = PBXFileReference; fileEncoding = 4; lastKnownFileType = sourcecode.c.objc; path = XBApi.m; sourceTree = "<group>"; };
		D0C8E17A1A89FD8C006F2A4E /* RIButtonItem.h */ = {isa = PBXFileReference; fileEncoding = 4; lastKnownFileType = sourcecode.c.h; path = RIButtonItem.h; sourceTree = "<group>"; };
		D0C8E17B1A89FD8C006F2A4E /* RIButtonItem.m */ = {isa = PBXFileReference; fileEncoding = 4; lastKnownFileType = sourcecode.c.objc; path = RIButtonItem.m; sourceTree = "<group>"; };
		D0C8E17C1A89FD8C006F2A4E /* UIAlertView+Blocks.h */ = {isa = PBXFileReference; fileEncoding = 4; lastKnownFileType = sourcecode.c.h; path = "UIAlertView+Blocks.h"; sourceTree = "<group>"; };
		D0C8E17D1A89FD8C006F2A4E /* UIAlertView+Blocks.m */ = {isa = PBXFileReference; fileEncoding = 4; lastKnownFileType = sourcecode.c.objc; path = "UIAlertView+Blocks.m"; sourceTree = "<group>"; };
		D0C8E17E1A89FD8C006F2A4E /* UIButton+StringTag.h */ = {isa = PBXFileReference; fileEncoding = 4; lastKnownFileType = sourcecode.c.h; path = "UIButton+StringTag.h"; sourceTree = "<group>"; };
		D0C8E17F1A89FD8C006F2A4E /* UIButton+StringTag.m */ = {isa = PBXFileReference; fileEncoding = 4; lastKnownFileType = sourcecode.c.objc; path = "UIButton+StringTag.m"; sourceTree = "<group>"; };
		D0C8E1801A89FD8C006F2A4E /* UIColor+hexColor.h */ = {isa = PBXFileReference; fileEncoding = 4; lastKnownFileType = sourcecode.c.h; path = "UIColor+hexColor.h"; sourceTree = "<group>"; };
		D0C8E1811A89FD8C006F2A4E /* UIColor+hexColor.m */ = {isa = PBXFileReference; fileEncoding = 4; lastKnownFileType = sourcecode.c.objc; path = "UIColor+hexColor.m"; sourceTree = "<group>"; };
		D0C8E1821A89FD8C006F2A4E /* UIImage+RenderedImage.h */ = {isa = PBXFileReference; fileEncoding = 4; lastKnownFileType = sourcecode.c.h; path = "UIImage+RenderedImage.h"; sourceTree = "<group>"; };
		D0C8E1831A89FD8C006F2A4E /* UIImage+RenderedImage.m */ = {isa = PBXFileReference; fileEncoding = 4; lastKnownFileType = sourcecode.c.objc; path = "UIImage+RenderedImage.m"; sourceTree = "<group>"; };
		D0C8E1841A89FD8C006F2A4E /* UIImageView+DotLine.h */ = {isa = PBXFileReference; fileEncoding = 4; lastKnownFileType = sourcecode.c.h; path = "UIImageView+DotLine.h"; sourceTree = "<group>"; };
		D0C8E1851A89FD8C006F2A4E /* UIImageView+DotLine.m */ = {isa = PBXFileReference; fileEncoding = 4; lastKnownFileType = sourcecode.c.objc; path = "UIImageView+DotLine.m"; sourceTree = "<group>"; };
		D0C8E1861A89FD8C006F2A4E /* XBFramework.h */ = {isa = PBXFileReference; fileEncoding = 4; lastKnownFileType = sourcecode.c.h; path = XBFramework.h; sourceTree = "<group>"; };
		D0C8E1881A89FD8C006F2A4E /* XBHttpClient.h */ = {isa = PBXFileReference; fileEncoding = 4; lastKnownFileType = sourcecode.c.h; path = XBHttpClient.h; sourceTree = "<group>"; };
		D0C8E1891A89FD8C006F2A4E /* XBHttpClient.m */ = {isa = PBXFileReference; fileEncoding = 4; lastKnownFileType = sourcecode.c.objc; path = XBHttpClient.m; sourceTree = "<group>"; };
		D0C8E1941A89FD8C006F2A4E /* XBBaseVC.h */ = {isa = PBXFileReference; fileEncoding = 4; lastKnownFileType = sourcecode.c.h; path = XBBaseVC.h; sourceTree = "<group>"; };
		D0C8E1951A89FD8C006F2A4E /* XBBaseVC.m */ = {isa = PBXFileReference; fileEncoding = 4; lastKnownFileType = sourcecode.c.objc; path = XBBaseVC.m; sourceTree = "<group>"; };
		D0C8E1A41A89FFF5006F2A4E /* XBParser.h */ = {isa = PBXFileReference; fileEncoding = 4; lastKnownFileType = sourcecode.c.h; name = XBParser.h; path = XBParser/XBParser.h; sourceTree = "<group>"; };
		D0C8E1A51A89FFF5006F2A4E /* XBParser.m */ = {isa = PBXFileReference; fileEncoding = 4; lastKnownFileType = sourcecode.c.objc; name = XBParser.m; path = XBParser/XBParser.m; sourceTree = "<group>"; };
		D0C8E1A71A8A002D006F2A4E /* xb-perfix.pch */ = {isa = PBXFileReference; lastKnownFileType = sourcecode.c.h; path = "xb-perfix.pch"; sourceTree = "<group>"; };
		D0C8E1A91A8A00C8006F2A4E /* LoginParser.h */ = {isa = PBXFileReference; fileEncoding = 4; lastKnownFileType = sourcecode.c.h; name = LoginParser.h; path = model/LoginParser.h; sourceTree = "<group>"; };
		D0C8E1AA1A8A00C8006F2A4E /* LoginParser.m */ = {isa = PBXFileReference; fileEncoding = 4; lastKnownFileType = sourcecode.c.objc; name = LoginParser.m; path = model/LoginParser.m; sourceTree = "<group>"; };
		D0C8E1AE1A8A04F2006F2A4E /* testVC.h */ = {isa = PBXFileReference; fileEncoding = 4; lastKnownFileType = sourcecode.c.h; name = testVC.h; path = vc/testVC.h; sourceTree = "<group>"; };
		D0C8E1AF1A8A04F2006F2A4E /* testVC.m */ = {isa = PBXFileReference; fileEncoding = 4; lastKnownFileType = sourcecode.c.objc; name = testVC.m; path = vc/testVC.m; sourceTree = "<group>"; };
/* End PBXFileReference section */

/* Begin PBXFrameworksBuildPhase section */
		D0C8E1461A89FD5D006F2A4E /* Frameworks */ = {
			isa = PBXFrameworksBuildPhase;
			buildActionMask = 2147483647;
			files = (
				B6B8FC0B0612A4B4038F3009 /* libPods.a in Frameworks */,
			);
			runOnlyForDeploymentPostprocessing = 0;
		};
		D0C8E15F1A89FD5D006F2A4E /* Frameworks */ = {
			isa = PBXFrameworksBuildPhase;
			buildActionMask = 2147483647;
			files = (
			);
			runOnlyForDeploymentPostprocessing = 0;
		};
/* End PBXFrameworksBuildPhase section */

/* Begin PBXGroup section */
		032CE62D23F08693E5E8E74C /* Frameworks */ = {
			isa = PBXGroup;
			children = (
				63A1BD23E9E12E6996D31E73 /* libPods.a */,
			);
			name = Frameworks;
			sourceTree = "<group>";
		};
		8C71CF9EB088C637C8854741 /* Pods */ = {
			isa = PBXGroup;
			children = (
				182CDE848E102BB206799DFD /* Pods.debug.xcconfig */,
				759E3FF9FF2A7DBBF73E771D /* Pods.release.xcconfig */,
			);
			name = Pods;
			sourceTree = "<group>";
		};
		D0C8E1401A89FD5D006F2A4E = {
			isa = PBXGroup;
			children = (
				D0C8E1721A89FD8C006F2A4E /* XBFramework */,
				D0C8E14B1A89FD5D006F2A4E /* JXBFramework */,
				D0C8E1651A89FD5D006F2A4E /* JXBFrameworkTests */,
				D0C8E14A1A89FD5D006F2A4E /* Products */,
				8C71CF9EB088C637C8854741 /* Pods */,
				032CE62D23F08693E5E8E74C /* Frameworks */,
			);
			sourceTree = "<group>";
		};
		D0C8E14A1A89FD5D006F2A4E /* Products */ = {
			isa = PBXGroup;
			children = (
				D0C8E1491A89FD5D006F2A4E /* JXBFramework.app */,
				D0C8E1621A89FD5D006F2A4E /* JXBFrameworkTests.xctest */,
			);
			name = Products;
			sourceTree = "<group>";
		};
		D0C8E14B1A89FD5D006F2A4E /* JXBFramework */ = {
			isa = PBXGroup;
			children = (
				D0C8E1AD1A8A04D3006F2A4E /* vc */,
				D0C8E1A81A8A00A8006F2A4E /* model */,
				D0C8E1501A89FD5D006F2A4E /* AppDelegate.h */,
				D0C8E1511A89FD5D006F2A4E /* AppDelegate.m */,
				D0C8E1531A89FD5D006F2A4E /* ViewController.h */,
				D0C8E1541A89FD5D006F2A4E /* ViewController.m */,
				D0C8E1561A89FD5D006F2A4E /* Main.storyboard */,
				D0C8E1591A89FD5D006F2A4E /* Images.xcassets */,
				D0C8E15B1A89FD5D006F2A4E /* LaunchScreen.xib */,
				D0C8E14C1A89FD5D006F2A4E /* Supporting Files */,
			);
			path = JXBFramework;
			sourceTree = "<group>";
		};
		D0C8E14C1A89FD5D006F2A4E /* Supporting Files */ = {
			isa = PBXGroup;
			children = (
				D0C8E14D1A89FD5D006F2A4E /* Info.plist */,
				D0C8E14E1A89FD5D006F2A4E /* main.m */,
				D0C8E1A71A8A002D006F2A4E /* xb-perfix.pch */,
			);
			name = "Supporting Files";
			sourceTree = "<group>";
		};
		D0C8E1651A89FD5D006F2A4E /* JXBFrameworkTests */ = {
			isa = PBXGroup;
			children = (
				D0C8E1681A89FD5D006F2A4E /* JXBFrameworkTests.m */,
				D0C8E1661A89FD5D006F2A4E /* Supporting Files */,
			);
			path = JXBFrameworkTests;
			sourceTree = "<group>";
		};
		D0C8E1661A89FD5D006F2A4E /* Supporting Files */ = {
			isa = PBXGroup;
			children = (
				D0C8E1671A89FD5D006F2A4E /* Info.plist */,
			);
			name = "Supporting Files";
			sourceTree = "<group>";
		};
		D0C8E1721A89FD8C006F2A4E /* XBFramework */ = {
			isa = PBXGroup;
			children = (
				D0C8E1A31A89FFD2006F2A4E /* XBParser */,
				D0C8E1731A89FD8C006F2A4E /* XBApi */,
				D0C8E1761A89FD8C006F2A4E /* XBCategory */,
				D0C8E1861A89FD8C006F2A4E /* XBFramework.h */,
				D07DC3841A95A4B400852F5C /* XBGlobal.h */,
				D0C8E1871A89FD8C006F2A4E /* XBHttp */,
				D0C8E1921A89FD8C006F2A4E /* XBUi */,
			);
			name = XBFramework;
			path = JXBFramework/XBFramework;
			sourceTree = "<group>";
		};
		D0C8E1731A89FD8C006F2A4E /* XBApi */ = {
			isa = PBXGroup;
			children = (
				D0C8E1741A89FD8C006F2A4E /* XBApi.h */,
				D0C8E1751A89FD8C006F2A4E /* XBApi.m */,
			);
			path = XBApi;
			sourceTree = "<group>";
		};
		D0C8E1761A89FD8C006F2A4E /* XBCategory */ = {
			isa = PBXGroup;
			children = (
				D07DC39E1A95CBD400852F5C /* UITableViewCell+SeparatorLine.h */,
				D07DC39F1A95CBD400852F5C /* UITableViewCell+SeparatorLine.m */,
				D07DC3A01A95CBD400852F5C /* UIView+StringTag.h */,
				D07DC3A11A95CBD400852F5C /* UIView+StringTag.m */,
				D07DC3811A95A2F200852F5C /* NSString+MD5.h */,
				D07DC3821A95A2F200852F5C /* NSString+MD5.m */,
				D07DC37E1A95A2E100852F5C /* NSString+Size.h */,
				D07DC37F1A95A2E100852F5C /* NSString+Size.m */,
				D0C8E1791A89FD8C006F2A4E /* UIAlertView */,
				D0C8E17E1A89FD8C006F2A4E /* UIButton+StringTag.h */,
				D0C8E17F1A89FD8C006F2A4E /* UIButton+StringTag.m */,
				D0C8E1801A89FD8C006F2A4E /* UIColor+hexColor.h */,
				D0C8E1811A89FD8C006F2A4E /* UIColor+hexColor.m */,
				D0C8E1821A89FD8C006F2A4E /* UIImage+RenderedImage.h */,
				D0C8E1831A89FD8C006F2A4E /* UIImage+RenderedImage.m */,
				D0C8E1841A89FD8C006F2A4E /* UIImageView+DotLine.h */,
				D0C8E1851A89FD8C006F2A4E /* UIImageView+DotLine.m */,
			);
			path = XBCategory;
			sourceTree = "<group>";
		};
		D0C8E1791A89FD8C006F2A4E /* UIAlertView */ = {
			isa = PBXGroup;
			children = (
				D0C8E17A1A89FD8C006F2A4E /* RIButtonItem.h */,
				D0C8E17B1A89FD8C006F2A4E /* RIButtonItem.m */,
				D0C8E17C1A89FD8C006F2A4E /* UIAlertView+Blocks.h */,
				D0C8E17D1A89FD8C006F2A4E /* UIAlertView+Blocks.m */,
			);
			path = UIAlertView;
			sourceTree = "<group>";
		};
		D0C8E1871A89FD8C006F2A4E /* XBHttp */ = {
			isa = PBXGroup;
			children = (
				D0C8E1881A89FD8C006F2A4E /* XBHttpClient.h */,
				D0C8E1891A89FD8C006F2A4E /* XBHttpClient.m */,
				D07DC37B1A95A1F500852F5C /* XBHttpCache.h */,
				D07DC37C1A95A1F500852F5C /* XBHttpCache.m */,
			);
			path = XBHttp;
			sourceTree = "<group>";
		};
		D0C8E1921A89FD8C006F2A4E /* XBUi */ = {
			isa = PBXGroup;
			children = (
				D0C8E1931A89FD8C006F2A4E /* XBBaseVC */,
			);
			path = XBUi;
			sourceTree = "<group>";
		};
		D0C8E1931A89FD8C006F2A4E /* XBBaseVC */ = {
			isa = PBXGroup;
			children = (
				D0C8E1941A89FD8C006F2A4E /* XBBaseVC.h */,
				D0C8E1951A89FD8C006F2A4E /* XBBaseVC.m */,
			);
			path = XBBaseVC;
			sourceTree = "<group>";
		};
		D0C8E1A31A89FFD2006F2A4E /* XBParser */ = {
			isa = PBXGroup;
			children = (
				D0C8E1A41A89FFF5006F2A4E /* XBParser.h */,
				D0C8E1A51A89FFF5006F2A4E /* XBParser.m */,
			);
			name = XBParser;
			sourceTree = "<group>";
		};
		D0C8E1A81A8A00A8006F2A4E /* model */ = {
			isa = PBXGroup;
			children = (
				D0C8E1A91A8A00C8006F2A4E /* LoginParser.h */,
				D0C8E1AA1A8A00C8006F2A4E /* LoginParser.m */,
			);
			name = model;
			sourceTree = "<group>";
		};
		D0C8E1AD1A8A04D3006F2A4E /* vc */ = {
			isa = PBXGroup;
			children = (
				D0C8E1AE1A8A04F2006F2A4E /* testVC.h */,
				D0C8E1AF1A8A04F2006F2A4E /* testVC.m */,
			);
			name = vc;
			sourceTree = "<group>";
		};
/* End PBXGroup section */

/* Begin PBXNativeTarget section */
		D0C8E1481A89FD5D006F2A4E /* JXBFramework */ = {
			isa = PBXNativeTarget;
			buildConfigurationList = D0C8E16C1A89FD5D006F2A4E /* Build configuration list for PBXNativeTarget "JXBFramework" */;
			buildPhases = (
				C6E114A05FF533CDC0F75257 /* Check Pods Manifest.lock */,
				D0C8E1451A89FD5D006F2A4E /* Sources */,
				D0C8E1461A89FD5D006F2A4E /* Frameworks */,
				D0C8E1471A89FD5D006F2A4E /* Resources */,
				9B80A5AEA6A489D7054A515E /* Copy Pods Resources */,
			);
			buildRules = (
			);
			dependencies = (
			);
			name = JXBFramework;
			productName = JXBFramework;
			productReference = D0C8E1491A89FD5D006F2A4E /* JXBFramework.app */;
			productType = "com.apple.product-type.application";
		};
		D0C8E1611A89FD5D006F2A4E /* JXBFrameworkTests */ = {
			isa = PBXNativeTarget;
			buildConfigurationList = D0C8E16F1A89FD5D006F2A4E /* Build configuration list for PBXNativeTarget "JXBFrameworkTests" */;
			buildPhases = (
				D0C8E15E1A89FD5D006F2A4E /* Sources */,
				D0C8E15F1A89FD5D006F2A4E /* Frameworks */,
				D0C8E1601A89FD5D006F2A4E /* Resources */,
			);
			buildRules = (
			);
			dependencies = (
				D0C8E1641A89FD5D006F2A4E /* PBXTargetDependency */,
			);
			name = JXBFrameworkTests;
			productName = JXBFrameworkTests;
			productReference = D0C8E1621A89FD5D006F2A4E /* JXBFrameworkTests.xctest */;
			productType = "com.apple.product-type.bundle.unit-test";
		};
/* End PBXNativeTarget section */

/* Begin PBXProject section */
		D0C8E1411A89FD5D006F2A4E /* Project object */ = {
			isa = PBXProject;
			attributes = {
				LastUpgradeCheck = 0610;
				ORGANIZATIONNAME = Peter;
				TargetAttributes = {
					D0C8E1481A89FD5D006F2A4E = {
						CreatedOnToolsVersion = 6.1.1;
					};
					D0C8E1611A89FD5D006F2A4E = {
						CreatedOnToolsVersion = 6.1.1;
						TestTargetID = D0C8E1481A89FD5D006F2A4E;
					};
				};
			};
			buildConfigurationList = D0C8E1441A89FD5D006F2A4E /* Build configuration list for PBXProject "JXBFramework" */;
			compatibilityVersion = "Xcode 3.2";
			developmentRegion = English;
			hasScannedForEncodings = 0;
			knownRegions = (
				en,
				Base,
			);
			mainGroup = D0C8E1401A89FD5D006F2A4E;
			productRefGroup = D0C8E14A1A89FD5D006F2A4E /* Products */;
			projectDirPath = "";
			projectRoot = "";
			targets = (
				D0C8E1481A89FD5D006F2A4E /* JXBFramework */,
				D0C8E1611A89FD5D006F2A4E /* JXBFrameworkTests */,
			);
		};
/* End PBXProject section */

/* Begin PBXResourcesBuildPhase section */
		D0C8E1471A89FD5D006F2A4E /* Resources */ = {
			isa = PBXResourcesBuildPhase;
			buildActionMask = 2147483647;
			files = (
				D0C8E1581A89FD5D006F2A4E /* Main.storyboard in Resources */,
				D0C8E15D1A89FD5D006F2A4E /* LaunchScreen.xib in Resources */,
				D0C8E15A1A89FD5D006F2A4E /* Images.xcassets in Resources */,
			);
			runOnlyForDeploymentPostprocessing = 0;
		};
		D0C8E1601A89FD5D006F2A4E /* Resources */ = {
			isa = PBXResourcesBuildPhase;
			buildActionMask = 2147483647;
			files = (
			);
			runOnlyForDeploymentPostprocessing = 0;
		};
/* End PBXResourcesBuildPhase section */

/* Begin PBXShellScriptBuildPhase section */
		9B80A5AEA6A489D7054A515E /* Copy Pods Resources */ = {
			isa = PBXShellScriptBuildPhase;
			buildActionMask = 2147483647;
			files = (
			);
			inputPaths = (
			);
			name = "Copy Pods Resources";
			outputPaths = (
			);
			runOnlyForDeploymentPostprocessing = 0;
			shellPath = /bin/sh;
			shellScript = "\"${SRCROOT}/Pods/Target Support Files/Pods/Pods-resources.sh\"\n";
			showEnvVarsInLog = 0;
		};
		C6E114A05FF533CDC0F75257 /* Check Pods Manifest.lock */ = {
			isa = PBXShellScriptBuildPhase;
			buildActionMask = 2147483647;
			files = (
			);
			inputPaths = (
			);
			name = "Check Pods Manifest.lock";
			outputPaths = (
			);
			runOnlyForDeploymentPostprocessing = 0;
			shellPath = /bin/sh;
			shellScript = "diff \"${PODS_ROOT}/../Podfile.lock\" \"${PODS_ROOT}/Manifest.lock\" > /dev/null\nif [[ $? != 0 ]] ; then\n    cat << EOM\nerror: The sandbox is not in sync with the Podfile.lock. Run 'pod install' or update your CocoaPods installation.\nEOM\n    exit 1\nfi\n";
			showEnvVarsInLog = 0;
		};
/* End PBXShellScriptBuildPhase section */

/* Begin PBXSourcesBuildPhase section */
		D0C8E1451A89FD5D006F2A4E /* Sources */ = {
			isa = PBXSourcesBuildPhase;
			buildActionMask = 2147483647;
			files = (
				D07DC3A31A95CBD400852F5C /* UIView+StringTag.m in Sources */,
				D0C8E1551A89FD5D006F2A4E /* ViewController.m in Sources */,
				D0C8E1521A89FD5D006F2A4E /* AppDelegate.m in Sources */,
				D0C8E19E1A89FD8C006F2A4E /* XBHttpClient.m in Sources */,
				D07DC37D1A95A1F500852F5C /* XBHttpCache.m in Sources */,
				D07DC3801A95A2E100852F5C /* NSString+Size.m in Sources */,
				D0C8E1A21A89FD8C006F2A4E /* XBBaseVC.m in Sources */,
				D0C8E1961A89FD8C006F2A4E /* XBApi.m in Sources */,
				D0C8E1981A89FD8C006F2A4E /* RIButtonItem.m in Sources */,
				D07DC3A21A95CBD400852F5C /* UITableViewCell+SeparatorLine.m in Sources */,
				D0C8E1991A89FD8C006F2A4E /* UIAlertView+Blocks.m in Sources */,
				D0C8E14F1A89FD5D006F2A4E /* main.m in Sources */,
				D0C8E1A61A89FFF5006F2A4E /* XBParser.m in Sources */,
				D0C8E19B1A89FD8C006F2A4E /* UIColor+hexColor.m in Sources */,
				D07DC3831A95A2F200852F5C /* NSString+MD5.m in Sources */,
				D0C8E1AB1A8A00C8006F2A4E /* LoginParser.m in Sources */,
				D0C8E1B01A8A04F2006F2A4E /* testVC.m in Sources */,
				D0C8E19C1A89FD8C006F2A4E /* UIImage+RenderedImage.m in Sources */,
				D0C8E19A1A89FD8C006F2A4E /* UIButton+StringTag.m in Sources */,
				D0C8E19D1A89FD8C006F2A4E /* UIImageView+DotLine.m in Sources */,
			);
			runOnlyForDeploymentPostprocessing = 0;
		};
		D0C8E15E1A89FD5D006F2A4E /* Sources */ = {
			isa = PBXSourcesBuildPhase;
			buildActionMask = 2147483647;
			files = (
				D0C8E1691A89FD5D006F2A4E /* JXBFrameworkTests.m in Sources */,
			);
			runOnlyForDeploymentPostprocessing = 0;
		};
/* End PBXSourcesBuildPhase section */

/* Begin PBXTargetDependency section */
		D0C8E1641A89FD5D006F2A4E /* PBXTargetDependency */ = {
			isa = PBXTargetDependency;
			target = D0C8E1481A89FD5D006F2A4E /* JXBFramework */;
			targetProxy = D0C8E1631A89FD5D006F2A4E /* PBXContainerItemProxy */;
		};
/* End PBXTargetDependency section */

/* Begin PBXVariantGroup section */
		D0C8E1561A89FD5D006F2A4E /* Main.storyboard */ = {
			isa = PBXVariantGroup;
			children = (
				D0C8E1571A89FD5D006F2A4E /* Base */,
			);
			name = Main.storyboard;
			sourceTree = "<group>";
		};
		D0C8E15B1A89FD5D006F2A4E /* LaunchScreen.xib */ = {
			isa = PBXVariantGroup;
			children = (
				D0C8E15C1A89FD5D006F2A4E /* Base */,
			);
			name = LaunchScreen.xib;
			sourceTree = "<group>";
		};
/* End PBXVariantGroup section */

/* Begin XCBuildConfiguration section */
		D0C8E16A1A89FD5D006F2A4E /* Debug */ = {
			isa = XCBuildConfiguration;
			buildSettings = {
				ALWAYS_SEARCH_USER_PATHS = NO;
				CLANG_CXX_LANGUAGE_STANDARD = "gnu++0x";
				CLANG_CXX_LIBRARY = "libc++";
				CLANG_ENABLE_MODULES = YES;
				CLANG_ENABLE_OBJC_ARC = YES;
				CLANG_WARN_BOOL_CONVERSION = YES;
				CLANG_WARN_CONSTANT_CONVERSION = YES;
				CLANG_WARN_DIRECT_OBJC_ISA_USAGE = YES_ERROR;
				CLANG_WARN_EMPTY_BODY = YES;
				CLANG_WARN_ENUM_CONVERSION = YES;
				CLANG_WARN_INT_CONVERSION = YES;
				CLANG_WARN_OBJC_ROOT_CLASS = YES_ERROR;
				CLANG_WARN_UNREACHABLE_CODE = YES;
				CLANG_WARN__DUPLICATE_METHOD_MATCH = YES;
				"CODE_SIGN_IDENTITY[sdk=iphoneos*]" = "iPhone Developer";
				COPY_PHASE_STRIP = NO;
				ENABLE_STRICT_OBJC_MSGSEND = YES;
				GCC_C_LANGUAGE_STANDARD = gnu99;
				GCC_DYNAMIC_NO_PIC = NO;
				GCC_OPTIMIZATION_LEVEL = 0;
				GCC_PREPROCESSOR_DEFINITIONS = (
					"DEBUG=1",
					"$(inherited)",
				);
				GCC_SYMBOLS_PRIVATE_EXTERN = NO;
				GCC_WARN_64_TO_32_BIT_CONVERSION = YES;
				GCC_WARN_ABOUT_RETURN_TYPE = YES_ERROR;
				GCC_WARN_UNDECLARED_SELECTOR = YES;
				GCC_WARN_UNINITIALIZED_AUTOS = YES_AGGRESSIVE;
				GCC_WARN_UNUSED_FUNCTION = YES;
				GCC_WARN_UNUSED_VARIABLE = YES;
				IPHONEOS_DEPLOYMENT_TARGET = 8.1;
				MTL_ENABLE_DEBUG_INFO = YES;
				ONLY_ACTIVE_ARCH = YES;
				SDKROOT = iphoneos;
			};
			name = Debug;
		};
		D0C8E16B1A89FD5D006F2A4E /* Release */ = {
			isa = XCBuildConfiguration;
			buildSettings = {
				ALWAYS_SEARCH_USER_PATHS = NO;
				CLANG_CXX_LANGUAGE_STANDARD = "gnu++0x";
				CLANG_CXX_LIBRARY = "libc++";
				CLANG_ENABLE_MODULES = YES;
				CLANG_ENABLE_OBJC_ARC = YES;
				CLANG_WARN_BOOL_CONVERSION = YES;
				CLANG_WARN_CONSTANT_CONVERSION = YES;
				CLANG_WARN_DIRECT_OBJC_ISA_USAGE = YES_ERROR;
				CLANG_WARN_EMPTY_BODY = YES;
				CLANG_WARN_ENUM_CONVERSION = YES;
				CLANG_WARN_INT_CONVERSION = YES;
				CLANG_WARN_OBJC_ROOT_CLASS = YES_ERROR;
				CLANG_WARN_UNREACHABLE_CODE = YES;
				CLANG_WARN__DUPLICATE_METHOD_MATCH = YES;
				"CODE_SIGN_IDENTITY[sdk=iphoneos*]" = "iPhone Developer";
				COPY_PHASE_STRIP = YES;
				ENABLE_NS_ASSERTIONS = NO;
				ENABLE_STRICT_OBJC_MSGSEND = YES;
				GCC_C_LANGUAGE_STANDARD = gnu99;
				GCC_WARN_64_TO_32_BIT_CONVERSION = YES;
				GCC_WARN_ABOUT_RETURN_TYPE = YES_ERROR;
				GCC_WARN_UNDECLARED_SELECTOR = YES;
				GCC_WARN_UNINITIALIZED_AUTOS = YES_AGGRESSIVE;
				GCC_WARN_UNUSED_FUNCTION = YES;
				GCC_WARN_UNUSED_VARIABLE = YES;
				IPHONEOS_DEPLOYMENT_TARGET = 8.1;
				MTL_ENABLE_DEBUG_INFO = NO;
				SDKROOT = iphoneos;
				VALIDATE_PRODUCT = YES;
			};
			name = Release;
		};
		D0C8E16D1A89FD5D006F2A4E /* Debug */ = {
			isa = XCBuildConfiguration;
			baseConfigurationReference = 182CDE848E102BB206799DFD /* Pods.debug.xcconfig */;
			buildSettings = {
				ASSETCATALOG_COMPILER_APPICON_NAME = AppIcon;
				GCC_PREFIX_HEADER = "JXBFramework/xb-perfix.pch";
				INFOPLIST_FILE = JXBFramework/Info.plist;
				LD_RUNPATH_SEARCH_PATHS = "$(inherited) @executable_path/Frameworks";
				OTHER_LDFLAGS = (
					"-all_load",
					"-l\"Pods-AFNetworking\"",
					"-l\"Pods-jastor\"",
				);
				PRODUCT_NAME = "$(TARGET_NAME)";
			};
			name = Debug;
		};
		D0C8E16E1A89FD5D006F2A4E /* Release */ = {
			isa = XCBuildConfiguration;
			baseConfigurationReference = 759E3FF9FF2A7DBBF73E771D /* Pods.release.xcconfig */;
			buildSettings = {
				ASSETCATALOG_COMPILER_APPICON_NAME = AppIcon;
				GCC_PREFIX_HEADER = "JXBFramework/xb-perfix.pch";
				INFOPLIST_FILE = JXBFramework/Info.plist;
				LD_RUNPATH_SEARCH_PATHS = "$(inherited) @executable_path/Frameworks";
				OTHER_LDFLAGS = (
					"-all_load",
					"-l\"Pods-AFNetworking\"",
					"-l\"Pods-jastor\"",
				);
				PRODUCT_NAME = "$(TARGET_NAME)";
			};
			name = Release;
		};
		D0C8E1701A89FD5D006F2A4E /* Debug */ = {
			isa = XCBuildConfiguration;
			buildSettings = {
				BUNDLE_LOADER = "$(TEST_HOST)";
				FRAMEWORK_SEARCH_PATHS = (
					"$(SDKROOT)/Developer/Library/Frameworks",
					"$(inherited)",
				);
				GCC_PREPROCESSOR_DEFINITIONS = (
					"DEBUG=1",
					"$(inherited)",
				);
				INFOPLIST_FILE = JXBFrameworkTests/Info.plist;
				LD_RUNPATH_SEARCH_PATHS = "$(inherited) @executable_path/Frameworks @loader_path/Frameworks";
				PRODUCT_NAME = "$(TARGET_NAME)";
				TEST_HOST = "$(BUILT_PRODUCTS_DIR)/JXBFramework.app/JXBFramework";
			};
			name = Debug;
		};
		D0C8E1711A89FD5D006F2A4E /* Release */ = {
			isa = XCBuildConfiguration;
			buildSettings = {
				BUNDLE_LOADER = "$(TEST_HOST)";
				FRAMEWORK_SEARCH_PATHS = (
					"$(SDKROOT)/Developer/Library/Frameworks",
					"$(inherited)",
				);
				INFOPLIST_FILE = JXBFrameworkTests/Info.plist;
				LD_RUNPATH_SEARCH_PATHS = "$(inherited) @executable_path/Frameworks @loader_path/Frameworks";
				PRODUCT_NAME = "$(TARGET_NAME)";
				TEST_HOST = "$(BUILT_PRODUCTS_DIR)/JXBFramework.app/JXBFramework";
			};
			name = Release;
		};
/* End XCBuildConfiguration section */

/* Begin XCConfigurationList section */
		D0C8E1441A89FD5D006F2A4E /* Build configuration list for PBXProject "JXBFramework" */ = {
			isa = XCConfigurationList;
			buildConfigurations = (
				D0C8E16A1A89FD5D006F2A4E /* Debug */,
				D0C8E16B1A89FD5D006F2A4E /* Release */,
			);
			defaultConfigurationIsVisible = 0;
			defaultConfigurationName = Release;
		};
		D0C8E16C1A89FD5D006F2A4E /* Build configuration list for PBXNativeTarget "JXBFramework" */ = {
			isa = XCConfigurationList;
			buildConfigurations = (
				D0C8E16D1A89FD5D006F2A4E /* Debug */,
				D0C8E16E1A89FD5D006F2A4E /* Release */,
			);
			defaultConfigurationIsVisible = 0;
			defaultConfigurationName = Release;
		};
		D0C8E16F1A89FD5D006F2A4E /* Build configuration list for PBXNativeTarget "JXBFrameworkTests" */ = {
			isa = XCConfigurationList;
			buildConfigurations = (
				D0C8E1701A89FD5D006F2A4E /* Debug */,
				D0C8E1711A89FD5D006F2A4E /* Release */,
			);
			defaultConfigurationIsVisible = 0;
			defaultConfigurationName = Release;
		};
/* End XCConfigurationList section */
	};
	rootObject = D0C8E1411A89FD5D006F2A4E /* Project object */;
}
